Microsoft Visual Studio Solution File, Format Version 11.00
# Visual Studio 2008

Project("{8098706F-1F02-93D2-B8A5-428DAC716275}") = "OctoberPresentation", "Assembly-CSharp.csproj", "{249EF4EB-8F61-25C4-3F75-025A4DF831C5}"
EndProject
Global
	GlobalSection(SolutionConfigurationPlatforms) = preSolution
		Debug|Any CPU = Debug|Any CPU
		Release|Any CPU = Release|Any CPU
	EndGlobalSection
	GlobalSection(ProjectConfigurationPlatforms) = postSolution
		{249EF4EB-8F61-25C4-3F75-025A4DF831C5}.Debug|Any CPU.ActiveCfg = Debug|Any CPU
		{249EF4EB-8F61-25C4-3F75-025A4DF831C5}.Debug|Any CPU.Build.0 = Debug|Any CPU
		{249EF4EB-8F61-25C4-3F75-025A4DF831C5}.Release|Any CPU.ActiveCfg = Release|Any CPU
		{249EF4EB-8F61-25C4-3F75-025A4DF831C5}.Release|Any CPU.Build.0 = Release|Any CPU
	EndGlobalSection
	GlobalSection(SolutionProperties) = preSolution
		HideSolutionNode = FALSE
	EndGlobalSection
	GlobalSection(MonoDevelopProperties) = preSolution
		StartupItem = Assembly-CSharp.csproj
	EndGlobalSection
EndGlobal
